// !$*UTF8*$!
{
	archiveVersion = 1;
	classes = {
	};
	objectVersion = 48;
	objects = {

/* Begin PBXBuildFile section */
		55A7552A211A019F00E2CE2B /* AppDelegate.swift in Sources */ = {isa = PBXBuildFile; fileRef = 55A75529211A019F00E2CE2B /* AppDelegate.swift */; };
		55A7552F211A019F00E2CE2B /* Main.storyboard in Resources */ = {isa = PBXBuildFile; fileRef = 55A7552D211A019F00E2CE2B /* Main.storyboard */; };
		55A75531211A019F00E2CE2B /* Assets.xcassets in Resources */ = {isa = PBXBuildFile; fileRef = 55A75530211A019F00E2CE2B /* Assets.xcassets */; };
		55A75534211A019F00E2CE2B /* LaunchScreen.storyboard in Resources */ = {isa = PBXBuildFile; fileRef = 55A75532211A019F00E2CE2B /* LaunchScreen.storyboard */; };
		55A7553F211A019F00E2CE2B /* MarveliciousTests.swift in Sources */ = {isa = PBXBuildFile; fileRef = 55A7553E211A019F00E2CE2B /* MarveliciousTests.swift */; };
		55A7554D211A028600E2CE2B /* MVLCharacterListVC.swift in Sources */ = {isa = PBXBuildFile; fileRef = 55A7554C211A028600E2CE2B /* MVLCharacterListVC.swift */; };
		55A7554F211A02A900E2CE2B /* MVLCharacterProfileVC.swift in Sources */ = {isa = PBXBuildFile; fileRef = 55A7554E211A02A900E2CE2B /* MVLCharacterProfileVC.swift */; };
		55A75554211A02D400E2CE2B /* MVLNetworkManager.swift in Sources */ = {isa = PBXBuildFile; fileRef = 55A75553211A02D400E2CE2B /* MVLNetworkManager.swift */; };
		55A75557211A0A2C00E2CE2B /* Bundle.swift in Sources */ = {isa = PBXBuildFile; fileRef = 55A75556211A0A2C00E2CE2B /* Bundle.swift */; };
/* End PBXBuildFile section */

/* Begin PBXContainerItemProxy section */
		55A7553B211A019F00E2CE2B /* PBXContainerItemProxy */ = {
			isa = PBXContainerItemProxy;
			containerPortal = 55A7551E211A019F00E2CE2B /* Project object */;
			proxyType = 1;
			remoteGlobalIDString = 55A75525211A019F00E2CE2B;
			remoteInfo = Marvelicious;
		};
/* End PBXContainerItemProxy section */

/* Begin PBXFileReference section */
		55A75526211A019F00E2CE2B /* Marvelicious.app */ = {isa = PBXFileReference; explicitFileType = wrapper.application; includeInIndex = 0; path = Marvelicious.app; sourceTree = BUILT_PRODUCTS_DIR; };
		55A75529211A019F00E2CE2B /* AppDelegate.swift */ = {isa = PBXFileReference; lastKnownFileType = sourcecode.swift; path = AppDelegate.swift; sourceTree = "<group>"; };
		55A7552E211A019F00E2CE2B /* Base */ = {isa = PBXFileReference; lastKnownFileType = file.storyboard; name = Base; path = Base.lproj/Main.storyboard; sourceTree = "<group>"; };
		55A75530211A019F00E2CE2B /* Assets.xcassets */ = {isa = PBXFileReference; lastKnownFileType = folder.assetcatalog; path = Assets.xcassets; sourceTree = "<group>"; };
		55A75533211A019F00E2CE2B /* Base */ = {isa = PBXFileReference; lastKnownFileType = file.storyboard; name = Base; path = Base.lproj/LaunchScreen.storyboard; sourceTree = "<group>"; };
		55A75535211A019F00E2CE2B /* Info.plist */ = {isa = PBXFileReference; lastKnownFileType = text.plist.xml; path = Info.plist; sourceTree = "<group>"; };
		55A7553A211A019F00E2CE2B /* MarveliciousTests.xctest */ = {isa = PBXFileReference; explicitFileType = wrapper.cfbundle; includeInIndex = 0; path = MarveliciousTests.xctest; sourceTree = BUILT_PRODUCTS_DIR; };
		55A7553E211A019F00E2CE2B /* MarveliciousTests.swift */ = {isa = PBXFileReference; lastKnownFileType = sourcecode.swift; path = MarveliciousTests.swift; sourceTree = "<group>"; };
		55A75540211A019F00E2CE2B /* Info.plist */ = {isa = PBXFileReference; lastKnownFileType = text.plist.xml; path = Info.plist; sourceTree = "<group>"; };
		55A7554C211A028600E2CE2B /* MVLCharacterListVC.swift */ = {isa = PBXFileReference; lastKnownFileType = sourcecode.swift; path = MVLCharacterListVC.swift; sourceTree = "<group>"; };
		55A7554E211A02A900E2CE2B /* MVLCharacterProfileVC.swift */ = {isa = PBXFileReference; lastKnownFileType = sourcecode.swift; path = MVLCharacterProfileVC.swift; sourceTree = "<group>"; };
		55A75553211A02D400E2CE2B /* MVLNetworkManager.swift */ = {isa = PBXFileReference; lastKnownFileType = sourcecode.swift; path = MVLNetworkManager.swift; sourceTree = "<group>"; };
		55A75556211A0A2C00E2CE2B /* Bundle.swift */ = {isa = PBXFileReference; lastKnownFileType = sourcecode.swift; path = Bundle.swift; sourceTree = "<group>"; };
/* End PBXFileReference section */

/* Begin PBXFrameworksBuildPhase section */
		55A75523211A019F00E2CE2B /* Frameworks */ = {
			isa = PBXFrameworksBuildPhase;
			buildActionMask = 2147483647;
			files = (
			);
			runOnlyForDeploymentPostprocessing = 0;
		};
		55A75537211A019F00E2CE2B /* Frameworks */ = {
			isa = PBXFrameworksBuildPhase;
			buildActionMask = 2147483647;
			files = (
			);
			runOnlyForDeploymentPostprocessing = 0;
		};
/* End PBXFrameworksBuildPhase section */

/* Begin PBXGroup section */
		55A7551D211A019F00E2CE2B = {
			isa = PBXGroup;
			children = (
				55A75528211A019F00E2CE2B /* Marvelicious */,
				55A7553D211A019F00E2CE2B /* MarveliciousTests */,
				55A75527211A019F00E2CE2B /* Products */,
			);
			sourceTree = "<group>";
		};
		55A75527211A019F00E2CE2B /* Products */ = {
			isa = PBXGroup;
			children = (
				55A75526211A019F00E2CE2B /* Marvelicious.app */,
				55A7553A211A019F00E2CE2B /* MarveliciousTests.xctest */,
			);
			name = Products;
			sourceTree = "<group>";
		};
		55A75528211A019F00E2CE2B /* Marvelicious */ = {
			isa = PBXGroup;
			children = (
				55A75555211A09F200E2CE2B /* Extensions */,
				55A75550211A02BC00E2CE2B /* Common */,
				55A75549211A01DC00E2CE2B /* Features */,
				55A75529211A019F00E2CE2B /* AppDelegate.swift */,
				55A7552D211A019F00E2CE2B /* Main.storyboard */,
				55A75530211A019F00E2CE2B /* Assets.xcassets */,
				55A75532211A019F00E2CE2B /* LaunchScreen.storyboard */,
				55A75535211A019F00E2CE2B /* Info.plist */,
			);
			path = Marvelicious;
			sourceTree = "<group>";
		};
		55A7553D211A019F00E2CE2B /* MarveliciousTests */ = {
			isa = PBXGroup;
			children = (
				55A7553E211A019F00E2CE2B /* MarveliciousTests.swift */,
				55A75540211A019F00E2CE2B /* Info.plist */,
			);
			path = MarveliciousTests;
			sourceTree = "<group>";
		};
		55A75549211A01DC00E2CE2B /* Features */ = {
			isa = PBXGroup;
			children = (
				55A7554B211A01F700E2CE2B /* Character Profile */,
				55A7554A211A01E900E2CE2B /* Character List */,
			);
			path = Features;
			sourceTree = "<group>";
		};
		55A7554A211A01E900E2CE2B /* Character List */ = {
			isa = PBXGroup;
			children = (
				55A7554C211A028600E2CE2B /* MVLCharacterListVC.swift */,
			);
			path = "Character List";
			sourceTree = "<group>";
		};
		55A7554B211A01F700E2CE2B /* Character Profile */ = {
			isa = PBXGroup;
			children = (
				55A7554E211A02A900E2CE2B /* MVLCharacterProfileVC.swift */,
			);
			path = "Character Profile";
			sourceTree = "<group>";
		};
		55A75550211A02BC00E2CE2B /* Common */ = {
			isa = PBXGroup;
			children = (
				55A75552211A02C700E2CE2B /* Data */,
				55A75551211A02C300E2CE2B /* UI */,
			);
			path = Common;
			sourceTree = "<group>";
		};
		55A75551211A02C300E2CE2B /* UI */ = {
			isa = PBXGroup;
			children = (
			);
			path = UI;
			sourceTree = "<group>";
		};
		55A75552211A02C700E2CE2B /* Data */ = {
			isa = PBXGroup;
			children = (
				55A75553211A02D400E2CE2B /* MVLNetworkManager.swift */,
			);
			path = Data;
			sourceTree = "<group>";
		};
		55A75555211A09F200E2CE2B /* Extensions */ = {
			isa = PBXGroup;
			children = (
				55A75556211A0A2C00E2CE2B /* Bundle.swift */,
			);
			path = Extensions;
			sourceTree = "<group>";
		};
/* End PBXGroup section */

/* Begin PBXNativeTarget section */
		55A75525211A019F00E2CE2B /* Marvelicious */ = {
			isa = PBXNativeTarget;
			buildConfigurationList = 55A75543211A019F00E2CE2B /* Build configuration list for PBXNativeTarget "Marvelicious" */;
			buildPhases = (
				55A75522211A019F00E2CE2B /* Sources */,
				55A75523211A019F00E2CE2B /* Frameworks */,
				55A75524211A019F00E2CE2B /* Resources */,
			);
			buildRules = (
			);
			dependencies = (
			);
			name = Marvelicious;
			productName = Marvelicious;
			productReference = 55A75526211A019F00E2CE2B /* Marvelicious.app */;
			productType = "com.apple.product-type.application";
		};
		55A75539211A019F00E2CE2B /* MarveliciousTests */ = {
			isa = PBXNativeTarget;
			buildConfigurationList = 55A75546211A019F00E2CE2B /* Build configuration list for PBXNativeTarget "MarveliciousTests" */;
			buildPhases = (
				55A75536211A019F00E2CE2B /* Sources */,
				55A75537211A019F00E2CE2B /* Frameworks */,
				55A75538211A019F00E2CE2B /* Resources */,
			);
			buildRules = (
			);
			dependencies = (
				55A7553C211A019F00E2CE2B /* PBXTargetDependency */,
			);
			name = MarveliciousTests;
			productName = MarveliciousTests;
			productReference = 55A7553A211A019F00E2CE2B /* MarveliciousTests.xctest */;
			productType = "com.apple.product-type.bundle.unit-test";
		};
/* End PBXNativeTarget section */

/* Begin PBXProject section */
		55A7551E211A019F00E2CE2B /* Project object */ = {
			isa = PBXProject;
			attributes = {
				LastSwiftUpdateCheck = 0920;
				LastUpgradeCheck = 0920;
				ORGANIZATIONNAME = "Joshua Colley";
				TargetAttributes = {
					55A75525211A019F00E2CE2B = {
						CreatedOnToolsVersion = 9.2;
						ProvisioningStyle = Automatic;
					};
					55A75539211A019F00E2CE2B = {
						CreatedOnToolsVersion = 9.2;
						ProvisioningStyle = Automatic;
						TestTargetID = 55A75525211A019F00E2CE2B;
					};
				};
			};
			buildConfigurationList = 55A75521211A019F00E2CE2B /* Build configuration list for PBXProject "Marvelicious" */;
			compatibilityVersion = "Xcode 8.0";
			developmentRegion = en;
			hasScannedForEncodings = 0;
			knownRegions = (
				en,
				Base,
			);
			mainGroup = 55A7551D211A019F00E2CE2B;
			productRefGroup = 55A75527211A019F00E2CE2B /* Products */;
			projectDirPath = "";
			projectRoot = "";
			targets = (
				55A75525211A019F00E2CE2B /* Marvelicious */,
				55A75539211A019F00E2CE2B /* MarveliciousTests */,
			);
		};
/* End PBXProject section */

/* Begin PBXResourcesBuildPhase section */
		55A75524211A019F00E2CE2B /* Resources */ = {
			isa = PBXResourcesBuildPhase;
			buildActionMask = 2147483647;
			files = (
				55A75534211A019F00E2CE2B /* LaunchScreen.storyboard in Resources */,
				55A75531211A019F00E2CE2B /* Assets.xcassets in Resources */,
				55A7552F211A019F00E2CE2B /* Main.storyboard in Resources */,
			);
			runOnlyForDeploymentPostprocessing = 0;
		};
		55A75538211A019F00E2CE2B /* Resources */ = {
			isa = PBXResourcesBuildPhase;
			buildActionMask = 2147483647;
			files = (
			);
			runOnlyForDeploymentPostprocessing = 0;
		};
/* End PBXResourcesBuildPhase section */

/* Begin PBXSourcesBuildPhase section */
		55A75522211A019F00E2CE2B /* Sources */ = {
			isa = PBXSourcesBuildPhase;
			buildActionMask = 2147483647;
			files = (
				55A7554D211A028600E2CE2B /* MVLCharacterListVC.swift in Sources */,
				55A7554F211A02A900E2CE2B /* MVLCharacterProfileVC.swift in Sources */,
				55A75554211A02D400E2CE2B /* MVLNetworkManager.swift in Sources */,
				55A75557211A0A2C00E2CE2B /* Bundle.swift in Sources */,
				55A7552A211A019F00E2CE2B /* AppDelegate.swift in Sources */,
			);
			runOnlyForDeploymentPostprocessing = 0;
		};
		55A75536211A019F00E2CE2B /* Sources */ = {
			isa = PBXSourcesBuildPhase;
			buildActionMask = 2147483647;
			files = (
				55A7553F211A019F00E2CE2B /* MarveliciousTests.swift in Sources */,
			);
			runOnlyForDeploymentPostprocessing = 0;
		};
/* End PBXSourcesBuildPhase section */

/* Begin PBXTargetDependency section */
		55A7553C211A019F00E2CE2B /* PBXTargetDependency */ = {
			isa = PBXTargetDependency;
			target = 55A75525211A019F00E2CE2B /* Marvelicious */;
			targetProxy = 55A7553B211A019F00E2CE2B /* PBXContainerItemProxy */;
		};
/* End PBXTargetDependency section */

/* Begin PBXVariantGroup section */
		55A7552D211A019F00E2CE2B /* Main.storyboard */ = {
			isa = PBXVariantGroup;
			children = (
				55A7552E211A019F00E2CE2B /* Base */,
			);
			name = Main.storyboard;
			sourceTree = "<group>";
		};
		55A75532211A019F00E2CE2B /* LaunchScreen.storyboard */ = {
			isa = PBXVariantGroup;
			children = (
				55A75533211A019F00E2CE2B /* Base */,
			);
			name = LaunchScreen.storyboard;
			sourceTree = "<group>";
		};
/* End PBXVariantGroup section */

/* Begin XCBuildConfiguration section */
		55A75541211A019F00E2CE2B /* Debug */ = {
			isa = XCBuildConfiguration;
			buildSettings = {
				ALWAYS_SEARCH_USER_PATHS = NO;
				CLANG_ANALYZER_NONNULL = YES;
				CLANG_ANALYZER_NUMBER_OBJECT_CONVERSION = YES_AGGRESSIVE;
				CLANG_CXX_LANGUAGE_STANDARD = "gnu++14";
				CLANG_CXX_LIBRARY = "libc++";
				CLANG_ENABLE_MODULES = YES;
				CLANG_ENABLE_OBJC_ARC = YES;
				CLANG_WARN_BLOCK_CAPTURE_AUTORELEASING = YES;
				CLANG_WARN_BOOL_CONVERSION = YES;
				CLANG_WARN_COMMA = YES;
				CLANG_WARN_CONSTANT_CONVERSION = YES;
				CLANG_WARN_DIRECT_OBJC_ISA_USAGE = YES_ERROR;
				CLANG_WARN_DOCUMENTATION_COMMENTS = YES;
				CLANG_WARN_EMPTY_BODY = YES;
				CLANG_WARN_ENUM_CONVERSION = YES;
				CLANG_WARN_INFINITE_RECURSION = YES;
				CLANG_WARN_INT_CONVERSION = YES;
				CLANG_WARN_NON_LITERAL_NULL_CONVERSION = YES;
				CLANG_WARN_OBJC_LITERAL_CONVERSION = YES;
				CLANG_WARN_OBJC_ROOT_CLASS = YES_ERROR;
				CLANG_WARN_RANGE_LOOP_ANALYSIS = YES;
				CLANG_WARN_STRICT_PROTOTYPES = YES;
				CLANG_WARN_SUSPICIOUS_MOVE = YES;
				CLANG_WARN_UNGUARDED_AVAILABILITY = YES_AGGRESSIVE;
				CLANG_WARN_UNREACHABLE_CODE = YES;
				CLANG_WARN__DUPLICATE_METHOD_MATCH = YES;
				CODE_SIGN_IDENTITY = "iPhone Developer";
				COPY_PHASE_STRIP = NO;
				DEBUG_INFORMATION_FORMAT = dwarf;
				ENABLE_STRICT_OBJC_MSGSEND = YES;
				ENABLE_TESTABILITY = YES;
				GCC_C_LANGUAGE_STANDARD = gnu11;
				GCC_DYNAMIC_NO_PIC = NO;
				GCC_NO_COMMON_BLOCKS = YES;
				GCC_OPTIMIZATION_LEVEL = 0;
				GCC_PREPROCESSOR_DEFINITIONS = (
					"DEBUG=1",
					"$(inherited)",
				);
				GCC_WARN_64_TO_32_BIT_CONVERSION = YES;
				GCC_WARN_ABOUT_RETURN_TYPE = YES_ERROR;
				GCC_WARN_UNDECLARED_SELECTOR = YES;
				GCC_WARN_UNINITIALIZED_AUTOS = YES_AGGRESSIVE;
				GCC_WARN_UNUSED_FUNCTION = YES;
				GCC_WARN_UNUSED_VARIABLE = YES;
				IPHONEOS_DEPLOYMENT_TARGET = 11.2;
				MTL_ENABLE_DEBUG_INFO = YES;
				ONLY_ACTIVE_ARCH = YES;
				SDKROOT = iphoneos;
				SWIFT_ACTIVE_COMPILATION_CONDITIONS = DEBUG;
				SWIFT_OPTIMIZATION_LEVEL = "-Onone";
			};
			name = Debug;
		};
		55A75542211A019F00E2CE2B /* Release */ = {
			isa = XCBuildConfiguration;
			buildSettings = {
				ALWAYS_SEARCH_USER_PATHS = NO;
				CLANG_ANALYZER_NONNULL = YES;
				CLANG_ANALYZER_NUMBER_OBJECT_CONVERSION = YES_AGGRESSIVE;
				CLANG_CXX_LANGUAGE_STANDARD = "gnu++14";
				CLANG_CXX_LIBRARY = "libc++";
				CLANG_ENABLE_MODULES = YES;
				CLANG_ENABLE_OBJC_ARC = YES;
				CLANG_WARN_BLOCK_CAPTURE_AUTORELEASING = YES;
				CLANG_WARN_BOOL_CONVERSION = YES;
				CLANG_WARN_COMMA = YES;
				CLANG_WARN_CONSTANT_CONVERSION = YES;
				CLANG_WARN_DIRECT_OBJC_ISA_USAGE = YES_ERROR;
				CLANG_WARN_DOCUMENTATION_COMMENTS = YES;
				CLANG_WARN_EMPTY_BODY = YES;
				CLANG_WARN_ENUM_CONVERSION = YES;
				CLANG_WARN_INFINITE_RECURSION = YES;
				CLANG_WARN_INT_CONVERSION = YES;
				CLANG_WARN_NON_LITERAL_NULL_CONVERSION = YES;
				CLANG_WARN_OBJC_LITERAL_CONVERSION = YES;
				CLANG_WARN_OBJC_ROOT_CLASS = YES_ERROR;
				CLANG_WARN_RANGE_LOOP_ANALYSIS = YES;
				CLANG_WARN_STRICT_PROTOTYPES = YES;
				CLANG_WARN_SUSPICIOUS_MOVE = YES;
				CLANG_WARN_UNGUARDED_AVAILABILITY = YES_AGGRESSIVE;
				CLANG_WARN_UNREACHABLE_CODE = YES;
				CLANG_WARN__DUPLICATE_METHOD_MATCH = YES;
				CODE_SIGN_IDENTITY = "iPhone Developer";
				COPY_PHASE_STRIP = NO;
				DEBUG_INFORMATION_FORMAT = "dwarf-with-dsym";
				ENABLE_NS_ASSERTIONS = NO;
				ENABLE_STRICT_OBJC_MSGSEND = YES;
				GCC_C_LANGUAGE_STANDARD = gnu11;
				GCC_NO_COMMON_BLOCKS = YES;
				GCC_WARN_64_TO_32_BIT_CONVERSION = YES;
				GCC_WARN_ABOUT_RETURN_TYPE = YES_ERROR;
				GCC_WARN_UNDECLARED_SELECTOR = YES;
				GCC_WARN_UNINITIALIZED_AUTOS = YES_AGGRESSIVE;
				GCC_WARN_UNUSED_FUNCTION = YES;
				GCC_WARN_UNUSED_VARIABLE = YES;
				IPHONEOS_DEPLOYMENT_TARGET = 11.2;
				MTL_ENABLE_DEBUG_INFO = NO;
				SDKROOT = iphoneos;
				SWIFT_OPTIMIZATION_LEVEL = "-Owholemodule";
				VALIDATE_PRODUCT = YES;
			};
			name = Release;
		};
		55A75544211A019F00E2CE2B /* Debug */ = {
			isa = XCBuildConfiguration;
			buildSettings = {
				ASSETCATALOG_COMPILER_APPICON_NAME = AppIcon;
				CODE_SIGN_STYLE = Automatic;
				DEVELOPMENT_TEAM = 342JHW2A2U;
				INFOPLIST_FILE = Marvelicious/Info.plist;
				IPHONEOS_DEPLOYMENT_TARGET = 9.0;
				LD_RUNPATH_SEARCH_PATHS = "$(inherited) @executable_path/Frameworks";
				PRODUCT_BUNDLE_IDENTIFIER = joshcolley.com.Marvelicious;
				PRODUCT_NAME = "$(TARGET_NAME)";
				SWIFT_VERSION = 4.0;
				TARGETED_DEVICE_FAMILY = "1,2";
			};
			name = Debug;
		};
		55A75545211A019F00E2CE2B /* Release */ = {
			isa = XCBuildConfiguration;
			buildSettings = {
				ASSETCATALOG_COMPILER_APPICON_NAME = AppIcon;
				CODE_SIGN_STYLE = Automatic;
				DEVELOPMENT_TEAM = 342JHW2A2U;
				INFOPLIST_FILE = Marvelicious/Info.plist;
				IPHONEOS_DEPLOYMENT_TARGET = 9.0;
				LD_RUNPATH_SEARCH_PATHS = "$(inherited) @executable_path/Frameworks";
				PRODUCT_BUNDLE_IDENTIFIER = joshcolley.com.Marvelicious;
				PRODUCT_NAME = "$(TARGET_NAME)";
				SWIFT_VERSION = 4.0;
				TARGETED_DEVICE_FAMILY = "1,2";
			};
			name = Release;
		};
		55A75547211A019F00E2CE2B /* Debug */ = {
			isa = XCBuildConfiguration;
			buildSettings = {
				ALWAYS_EMBED_SWIFT_STANDARD_LIBRARIES = YES;
				BUNDLE_LOADER = "$(TEST_HOST)";
				CODE_SIGN_STYLE = Automatic;
				DEVELOPMENT_TEAM = 342JHW2A2U;
				INFOPLIST_FILE = MarveliciousTests/Info.plist;
				LD_RUNPATH_SEARCH_PATHS = "$(inherited) @executable_path/Frameworks @loader_path/Frameworks";
				PRODUCT_BUNDLE_IDENTIFIER = joshcolley.com.MarveliciousTests;
				PRODUCT_NAME = "$(TARGET_NAME)";
				SWIFT_VERSION = 4.0;
				TARGETED_DEVICE_FAMILY = "1,2";
				TEST_HOST = "$(BUILT_PRODUCTS_DIR)/Marvelicious.app/Marvelicious";
			};
			name = Debug;
		};
		55A75548211A019F00E2CE2B /* Release */ = {
			isa = XCBuildConfiguration;
			buildSettings = {
				ALWAYS_EMBED_SWIFT_STANDARD_LIBRARIES = YES;
				BUNDLE_LOADER = "$(TEST_HOST)";
				CODE_SIGN_STYLE = Automatic;
				DEVELOPMENT_TEAM = 342JHW2A2U;
				INFOPLIST_FILE = MarveliciousTests/Info.plist;
				LD_RUNPATH_SEARCH_PATHS = "$(inherited) @executable_path/Frameworks @loader_path/Frameworks";
				PRODUCT_BUNDLE_IDENTIFIER = joshcolley.com.MarveliciousTests;
				PRODUCT_NAME = "$(TARGET_NAME)";
				SWIFT_VERSION = 4.0;
				TARGETED_DEVICE_FAMILY = "1,2";
				TEST_HOST = "$(BUILT_PRODUCTS_DIR)/Marvelicious.app/Marvelicious";
			};
			name = Release;
		};
/* End XCBuildConfiguration section */

/* Begin XCConfigurationList section */
		55A75521211A019F00E2CE2B /* Build configuration list for PBXProject "Marvelicious" */ = {
			isa = XCConfigurationList;
			buildConfigurations = (
				55A75541211A019F00E2CE2B /* Debug */,
				55A75542211A019F00E2CE2B /* Release */,
			);
			defaultConfigurationIsVisible = 0;
			defaultConfigurationName = Release;
		};
		55A75543211A019F00E2CE2B /* Build configuration list for PBXNativeTarget "Marvelicious" */ = {
			isa = XCConfigurationList;
			buildConfigurations = (
				55A75544211A019F00E2CE2B /* Debug */,
				55A75545211A019F00E2CE2B /* Release */,
			);
			defaultConfigurationIsVisible = 0;
			defaultConfigurationName = Release;
		};
		55A75546211A019F00E2CE2B /* Build configuration list for PBXNativeTarget "MarveliciousTests" */ = {
			isa = XCConfigurationList;
			buildConfigurations = (
				55A75547211A019F00E2CE2B /* Debug */,
				55A75548211A019F00E2CE2B /* Release */,
			);
			defaultConfigurationIsVisible = 0;
			defaultConfigurationName = Release;
		};
/* End XCConfigurationList section */
	};
	rootObject = 55A7551E211A019F00E2CE2B /* Project object */;
}
